
Microsoft Visual Studio Solution File, Format Version 12.00
# Visual Studio Version 16
VisualStudioVersion = 16.0.30517.126
MinimumVisualStudioVersion = 10.0.40219.1
Project("{FAE04EC0-301F-11D3-BF4B-00C04F79EFBC}") = "BooleanLogicOperators", "BooleanLogicOperators\BooleanLogicOperators.csproj", "{AACC1B65-7691-463A-9EC2-3DE1001D4A75}"
EndProject
Project("{FAE04EC0-301F-11D3-BF4B-00C04F79EFBC}") = "Login", "Login\Login.csproj", "{2E83D3F0-F780-4D4D-A336-CA8853BB18C3}"
EndProject
Global
	GlobalSection(SolutionConfigurationPlatforms) = preSolution
		Debug|Any CPU = Debug|Any CPU
		Release|Any CPU = Release|Any CPU
	EndGlobalSection
	GlobalSection(ProjectConfigurationPlatforms) = postSolution
		{AACC1B65-7691-463A-9EC2-3DE1001D4A75}.Debug|Any CPU.ActiveCfg = Debug|Any CPU
		{AACC1B65-7691-463A-9EC2-3DE1001D4A75}.Debug|Any CPU.Build.0 = Debug|Any CPU
		{AACC1B65-7691-463A-9EC2-3DE1001D4A75}.Release|Any CPU.ActiveCfg = Release|Any CPU
		{AACC1B65-7691-463A-9EC2-3DE1001D4A75}.Release|Any CPU.Build.0 = Release|Any CPU
		{2E83D3F0-F780-4D4D-A336-CA8853BB18C3}.Debug|Any CPU.ActiveCfg = Debug|Any CPU
		{2E83D3F0-F780-4D4D-A336-CA8853BB18C3}.Debug|Any CPU.Build.0 = Debug|Any CPU
		{2E83D3F0-F780-4D4D-A336-CA8853BB18C3}.Release|Any CPU.ActiveCfg = Release|Any CPU
		{2E83D3F0-F780-4D4D-A336-CA8853BB18C3}.Release|Any CPU.Build.0 = Release|Any CPU
	EndGlobalSection
	GlobalSection(SolutionProperties) = preSolution
		HideSolutionNode = FALSE
	EndGlobalSection
	GlobalSection(ExtensibilityGlobals) = postSolution
		SolutionGuid = {ABBDACB7-D130-4BAF-8EC2-AA2AD99DFD8D}
	EndGlobalSection
EndGlobal
